
Microsoft Visual Studio Solution File, Format Version 12.00
# Visual Studio 2013
VisualStudioVersion = 12.0.31101.0
MinimumVisualStudioVersion = 10.0.40219.1
Project("{FAE04EC0-301F-11D3-BF4B-00C04F79EFBC}") = "plmOS.Model.Debug", "plmOS.Model.Debug.csproj", "{1F66C591-DCB9-4C2E-A86A-229F43D8DFB5}"
EndProject
Project("{FAE04EC0-301F-11D3-BF4B-00C04F79EFBC}") = "plmOS.Model", "..\plmOS.Model\plmOS.Model.csproj", "{1556CA37-8B2E-4D29-BD7C-55E342DBC611}"
EndProject
Project("{FAE04EC0-301F-11D3-BF4B-00C04F79EFBC}") = "plmOS.Design", "..\..\Design\plmOS.Design\plmOS.Design.csproj", "{BD26273C-24DB-43EF-97B4-8A9E0F229C49}"
EndProject
Project("{FAE04EC0-301F-11D3-BF4B-00C04F79EFBC}") = "plmOS.Database", "..\..\Database\plmOS.Database\plmOS.Database.csproj", "{B0366598-CBBD-4A25-8D03-B97572C61A08}"
EndProject
Project("{FAE04EC0-301F-11D3-BF4B-00C04F79EFBC}") = "plmOS.Database.Memory", "..\..\Memory\plmOS.Database.Memory\plmOS.Database.Memory.csproj", "{40BE9A75-7D4D-4CA6-90BD-EE5D8D1EC370}"
EndProject
Global
	GlobalSection(SolutionConfigurationPlatforms) = preSolution
		Debug|Any CPU = Debug|Any CPU
		Release|Any CPU = Release|Any CPU
	EndGlobalSection
	GlobalSection(ProjectConfigurationPlatforms) = postSolution
		{1F66C591-DCB9-4C2E-A86A-229F43D8DFB5}.Debug|Any CPU.ActiveCfg = Debug|Any CPU
		{1F66C591-DCB9-4C2E-A86A-229F43D8DFB5}.Debug|Any CPU.Build.0 = Debug|Any CPU
		{1F66C591-DCB9-4C2E-A86A-229F43D8DFB5}.Release|Any CPU.ActiveCfg = Release|Any CPU
		{1F66C591-DCB9-4C2E-A86A-229F43D8DFB5}.Release|Any CPU.Build.0 = Release|Any CPU
		{1556CA37-8B2E-4D29-BD7C-55E342DBC611}.Debug|Any CPU.ActiveCfg = Debug|Any CPU
		{1556CA37-8B2E-4D29-BD7C-55E342DBC611}.Debug|Any CPU.Build.0 = Debug|Any CPU
		{1556CA37-8B2E-4D29-BD7C-55E342DBC611}.Release|Any CPU.ActiveCfg = Release|Any CPU
		{1556CA37-8B2E-4D29-BD7C-55E342DBC611}.Release|Any CPU.Build.0 = Release|Any CPU
		{BD26273C-24DB-43EF-97B4-8A9E0F229C49}.Debug|Any CPU.ActiveCfg = Debug|Any CPU
		{BD26273C-24DB-43EF-97B4-8A9E0F229C49}.Debug|Any CPU.Build.0 = Debug|Any CPU
		{BD26273C-24DB-43EF-97B4-8A9E0F229C49}.Release|Any CPU.ActiveCfg = Release|Any CPU
		{BD26273C-24DB-43EF-97B4-8A9E0F229C49}.Release|Any CPU.Build.0 = Release|Any CPU
		{B0366598-CBBD-4A25-8D03-B97572C61A08}.Debug|Any CPU.ActiveCfg = Debug|Any CPU
		{B0366598-CBBD-4A25-8D03-B97572C61A08}.Debug|Any CPU.Build.0 = Debug|Any CPU
		{B0366598-CBBD-4A25-8D03-B97572C61A08}.Release|Any CPU.ActiveCfg = Release|Any CPU
		{B0366598-CBBD-4A25-8D03-B97572C61A08}.Release|Any CPU.Build.0 = Release|Any CPU
		{40BE9A75-7D4D-4CA6-90BD-EE5D8D1EC370}.Debug|Any CPU.ActiveCfg = Debug|Any CPU
		{40BE9A75-7D4D-4CA6-90BD-EE5D8D1EC370}.Debug|Any CPU.Build.0 = Debug|Any CPU
		{40BE9A75-7D4D-4CA6-90BD-EE5D8D1EC370}.Release|Any CPU.ActiveCfg = Release|Any CPU
		{40BE9A75-7D4D-4CA6-90BD-EE5D8D1EC370}.Release|Any CPU.Build.0 = Release|Any CPU
	EndGlobalSection
	GlobalSection(SolutionProperties) = preSolution
		HideSolutionNode = FALSE
	EndGlobalSection
EndGlobal
